
Microsoft Visual Studio Solution File, Format Version 11.00
# Visual Studio 2010
Project("{FAE04EC0-301F-11D3-BF4B-00C04F79EFBC}") = "CarbiteApplication", "CarbiteApplication\CarbiteApplication.csproj", "{EDD1C583-C6B7-48D6-A22F-769E026BF540}"
EndProject
Project("{FAE04EC0-301F-11D3-BF4B-00C04F79EFBC}") = "Carbite", "Carbite\Carbite.csproj", "{9AD7E2B4-FC9B-44B5-B63D-3EF29C6DB2C9}"
EndProject
Project("{FAE04EC0-301F-11D3-BF4B-00C04F79EFBC}") = "SampleService", "SampleService\SampleService.csproj", "{9A3DAE84-9C9C-4A0D-85E7-F05996798259}"
EndProject
Global
	GlobalSection(SolutionConfigurationPlatforms) = preSolution
		Debug|Any CPU = Debug|Any CPU
		Release|Any CPU = Release|Any CPU
	EndGlobalSection
	GlobalSection(ProjectConfigurationPlatforms) = postSolution
		{EDD1C583-C6B7-48D6-A22F-769E026BF540}.Debug|Any CPU.ActiveCfg = Debug|Any CPU
		{EDD1C583-C6B7-48D6-A22F-769E026BF540}.Debug|Any CPU.Build.0 = Debug|Any CPU
		{EDD1C583-C6B7-48D6-A22F-769E026BF540}.Release|Any CPU.ActiveCfg = Release|Any CPU
		{EDD1C583-C6B7-48D6-A22F-769E026BF540}.Release|Any CPU.Build.0 = Release|Any CPU
		{9AD7E2B4-FC9B-44B5-B63D-3EF29C6DB2C9}.Debug|Any CPU.ActiveCfg = Debug|Any CPU
		{9AD7E2B4-FC9B-44B5-B63D-3EF29C6DB2C9}.Debug|Any CPU.Build.0 = Debug|Any CPU
		{9AD7E2B4-FC9B-44B5-B63D-3EF29C6DB2C9}.Release|Any CPU.ActiveCfg = Release|Any CPU
		{9AD7E2B4-FC9B-44B5-B63D-3EF29C6DB2C9}.Release|Any CPU.Build.0 = Release|Any CPU
		{9A3DAE84-9C9C-4A0D-85E7-F05996798259}.Debug|Any CPU.ActiveCfg = Debug|Any CPU
		{9A3DAE84-9C9C-4A0D-85E7-F05996798259}.Debug|Any CPU.Build.0 = Debug|Any CPU
		{9A3DAE84-9C9C-4A0D-85E7-F05996798259}.Release|Any CPU.ActiveCfg = Release|Any CPU
		{9A3DAE84-9C9C-4A0D-85E7-F05996798259}.Release|Any CPU.Build.0 = Release|Any CPU
	EndGlobalSection
	GlobalSection(SolutionProperties) = preSolution
		HideSolutionNode = FALSE
	EndGlobalSection
EndGlobal
